
Microsoft Visual Studio Solution File, Format Version 12.00
# Visual Studio Version 17
VisualStudioVersion = 17.11.35303.130
MinimumVisualStudioVersion = 10.0.40219.1
Project("{FAE04EC0-301F-11D3-BF4B-00C04F79EFBC}") = "DynForms.Server", "DynForms.Server\DynForms.Server.csproj", "{84F2FB14-4D34-4CBC-B119-E85F87A6D4B1}"
EndProject
Project("{54A90642-561A-4BB1-A94E-469ADEE60C69}") = "dynforms.client", "dynforms.client\dynforms.client.esproj", "{6FB0DE51-4822-4FB8-B862-6F74536B0954}"
EndProject
Global
	GlobalSection(SolutionConfigurationPlatforms) = preSolution
		Debug|Any CPU = Debug|Any CPU
		Release|Any CPU = Release|Any CPU
	EndGlobalSection
	GlobalSection(ProjectConfigurationPlatforms) = postSolution
		{84F2FB14-4D34-4CBC-B119-E85F87A6D4B1}.Debug|Any CPU.ActiveCfg = Debug|Any CPU
		{84F2FB14-4D34-4CBC-B119-E85F87A6D4B1}.Debug|Any CPU.Build.0 = Debug|Any CPU
		{84F2FB14-4D34-4CBC-B119-E85F87A6D4B1}.Release|Any CPU.ActiveCfg = Release|Any CPU
		{84F2FB14-4D34-4CBC-B119-E85F87A6D4B1}.Release|Any CPU.Build.0 = Release|Any CPU
		{6FB0DE51-4822-4FB8-B862-6F74536B0954}.Debug|Any CPU.ActiveCfg = Debug|Any CPU
		{6FB0DE51-4822-4FB8-B862-6F74536B0954}.Debug|Any CPU.Build.0 = Debug|Any CPU
		{6FB0DE51-4822-4FB8-B862-6F74536B0954}.Debug|Any CPU.Deploy.0 = Debug|Any CPU
		{6FB0DE51-4822-4FB8-B862-6F74536B0954}.Release|Any CPU.ActiveCfg = Release|Any CPU
		{6FB0DE51-4822-4FB8-B862-6F74536B0954}.Release|Any CPU.Build.0 = Release|Any CPU
		{6FB0DE51-4822-4FB8-B862-6F74536B0954}.Release|Any CPU.Deploy.0 = Release|Any CPU
	EndGlobalSection
	GlobalSection(SolutionProperties) = preSolution
		HideSolutionNode = FALSE
	EndGlobalSection
	GlobalSection(ExtensibilityGlobals) = postSolution
		SolutionGuid = {18C20B3C-5832-47CA-916A-347BB6FCCFF7}
	EndGlobalSection
EndGlobal
